// !$*UTF8*$!
{
	archiveVersion = 1;
	classes = {
	};
	objectVersion = 56;
	objects = {

/* Begin PBXBuildFile section */
		AA030C7B2A7BC98A00D481DE /* Dog_AppApp.swift in Sources */ = {isa = PBXBuildFile; fileRef = AA030C7A2A7BC98A00D481DE /* Dog_AppApp.swift */; };
		AA030C7D2A7BC98A00D481DE /* ContentView.swift in Sources */ = {isa = PBXBuildFile; fileRef = AA030C7C2A7BC98A00D481DE /* ContentView.swift */; };
		AA030C7F2A7BC98A00D481DE /* Assets.xcassets in Resources */ = {isa = PBXBuildFile; fileRef = AA030C7E2A7BC98A00D481DE /* Assets.xcassets */; };
		AA030C822A7BC98A00D481DE /* Preview Assets.xcassets in Resources */ = {isa = PBXBuildFile; fileRef = AA030C812A7BC98A00D481DE /* Preview Assets.xcassets */; };
		AA030C8B2A7BCA6200D481DE /* ApiService.swift in Sources */ = {isa = PBXBuildFile; fileRef = AA030C8A2A7BCA6200D481DE /* ApiService.swift */; };
		AA030C8D2A7BCB7000D481DE /* APIMethod.swift in Sources */ = {isa = PBXBuildFile; fileRef = AA030C8C2A7BCB7000D481DE /* APIMethod.swift */; };
		AA030C8F2A7BCB7C00D481DE /* APIError.swift in Sources */ = {isa = PBXBuildFile; fileRef = AA030C8E2A7BCB7C00D481DE /* APIError.swift */; };
		AA030C922A7BCC5900D481DE /* ImageModel.swift in Sources */ = {isa = PBXBuildFile; fileRef = AA030C912A7BCC5900D481DE /* ImageModel.swift */; };
		AA030C992A7E606700D481DE /* Kingfisher in Frameworks */ = {isa = PBXBuildFile; productRef = AA030C982A7E606700D481DE /* Kingfisher */; };
		AA030C9B2A7E664E00D481DE /* LoadingView.swift in Sources */ = {isa = PBXBuildFile; fileRef = AA030C9A2A7E664E00D481DE /* LoadingView.swift */; };
		AA030C9D2A7E86F000D481DE /* ButtonStyle.swift in Sources */ = {isa = PBXBuildFile; fileRef = AA030C9C2A7E86F000D481DE /* ButtonStyle.swift */; };
		AA030C9F2A83DBDA00D481DE /* DogViewModel.swift in Sources */ = {isa = PBXBuildFile; fileRef = AA030C9E2A83DBDA00D481DE /* DogViewModel.swift */; };
		AA030CA32A83E55600D481DE /* FavoriteCell.swift in Sources */ = {isa = PBXBuildFile; fileRef = AA030CA22A83E55600D481DE /* FavoriteCell.swift */; };
		AA030CA52A83EF8300D481DE /* DogModel.swift in Sources */ = {isa = PBXBuildFile; fileRef = AA030CA42A83EF8300D481DE /* DogModel.swift */; };
		AA030CA82A83F77700D481DE /* FavoritesView.swift in Sources */ = {isa = PBXBuildFile; fileRef = AA030CA72A83F77700D481DE /* FavoritesView.swift */; };
		AA030CAC2A8BAD8E00D481DE /* FavoriteDogView.swift in Sources */ = {isa = PBXBuildFile; fileRef = AA030CAB2A8BAD8E00D481DE /* FavoriteDogView.swift */; };
		AA030CAE2A8CE60000D481DE /* CatView.swift in Sources */ = {isa = PBXBuildFile; fileRef = AA030CAD2A8CE60000D481DE /* CatView.swift */; };
/* End PBXBuildFile section */

/* Begin PBXFileReference section */
		AA030C772A7BC98A00D481DE /* Dog_App.app */ = {isa = PBXFileReference; explicitFileType = wrapper.application; includeInIndex = 0; path = Dog_App.app; sourceTree = BUILT_PRODUCTS_DIR; };
		AA030C7A2A7BC98A00D481DE /* Dog_AppApp.swift */ = {isa = PBXFileReference; lastKnownFileType = sourcecode.swift; path = Dog_AppApp.swift; sourceTree = "<group>"; };
		AA030C7C2A7BC98A00D481DE /* ContentView.swift */ = {isa = PBXFileReference; lastKnownFileType = sourcecode.swift; path = ContentView.swift; sourceTree = "<group>"; };
		AA030C7E2A7BC98A00D481DE /* Assets.xcassets */ = {isa = PBXFileReference; lastKnownFileType = folder.assetcatalog; path = Assets.xcassets; sourceTree = "<group>"; };
		AA030C812A7BC98A00D481DE /* Preview Assets.xcassets */ = {isa = PBXFileReference; lastKnownFileType = folder.assetcatalog; path = "Preview Assets.xcassets"; sourceTree = "<group>"; };
		AA030C8A2A7BCA6200D481DE /* ApiService.swift */ = {isa = PBXFileReference; lastKnownFileType = sourcecode.swift; path = ApiService.swift; sourceTree = "<group>"; };
		AA030C8C2A7BCB7000D481DE /* APIMethod.swift */ = {isa = PBXFileReference; fileEncoding = 4; lastKnownFileType = sourcecode.swift; path = APIMethod.swift; sourceTree = "<group>"; };
		AA030C8E2A7BCB7C00D481DE /* APIError.swift */ = {isa = PBXFileReference; fileEncoding = 4; lastKnownFileType = sourcecode.swift; path = APIError.swift; sourceTree = "<group>"; };
		AA030C912A7BCC5900D481DE /* ImageModel.swift */ = {isa = PBXFileReference; lastKnownFileType = sourcecode.swift; path = ImageModel.swift; sourceTree = "<group>"; };
		AA030C9A2A7E664E00D481DE /* LoadingView.swift */ = {isa = PBXFileReference; lastKnownFileType = sourcecode.swift; path = LoadingView.swift; sourceTree = "<group>"; };
		AA030C9C2A7E86F000D481DE /* ButtonStyle.swift */ = {isa = PBXFileReference; lastKnownFileType = sourcecode.swift; path = ButtonStyle.swift; sourceTree = "<group>"; };
		AA030C9E2A83DBDA00D481DE /* DogViewModel.swift */ = {isa = PBXFileReference; lastKnownFileType = sourcecode.swift; path = DogViewModel.swift; sourceTree = "<group>"; };
		AA030CA22A83E55600D481DE /* FavoriteCell.swift */ = {isa = PBXFileReference; lastKnownFileType = sourcecode.swift; path = FavoriteCell.swift; sourceTree = "<group>"; };
		AA030CA42A83EF8300D481DE /* DogModel.swift */ = {isa = PBXFileReference; lastKnownFileType = sourcecode.swift; path = DogModel.swift; sourceTree = "<group>"; };
		AA030CA72A83F77700D481DE /* FavoritesView.swift */ = {isa = PBXFileReference; lastKnownFileType = sourcecode.swift; path = FavoritesView.swift; sourceTree = "<group>"; };
		AA030CAB2A8BAD8E00D481DE /* FavoriteDogView.swift */ = {isa = PBXFileReference; lastKnownFileType = sourcecode.swift; path = FavoriteDogView.swift; sourceTree = "<group>"; };
		AA030CAD2A8CE60000D481DE /* CatView.swift */ = {isa = PBXFileReference; lastKnownFileType = sourcecode.swift; path = CatView.swift; sourceTree = "<group>"; };
/* End PBXFileReference section */

/* Begin PBXFrameworksBuildPhase section */
		AA030C742A7BC98A00D481DE /* Frameworks */ = {
			isa = PBXFrameworksBuildPhase;
			buildActionMask = 2147483647;
			files = (
				AA030C992A7E606700D481DE /* Kingfisher in Frameworks */,
			);
			runOnlyForDeploymentPostprocessing = 0;
		};
/* End PBXFrameworksBuildPhase section */

/* Begin PBXGroup section */
		AA030C6E2A7BC98900D481DE = {
			isa = PBXGroup;
			children = (
				AA030C792A7BC98A00D481DE /* Dog_App */,
				AA030C782A7BC98A00D481DE /* Products */,
			);
			sourceTree = "<group>";
		};
		AA030C782A7BC98A00D481DE /* Products */ = {
			isa = PBXGroup;
			children = (
				AA030C772A7BC98A00D481DE /* Dog_App.app */,
			);
			name = Products;
			sourceTree = "<group>";
		};
		AA030C792A7BC98A00D481DE /* Dog_App */ = {
			isa = PBXGroup;
			children = (
				AA030C9E2A83DBDA00D481DE /* DogViewModel.swift */,
				AA030CA42A83EF8300D481DE /* DogModel.swift */,
				AA030C912A7BCC5900D481DE /* ImageModel.swift */,
				AA030C7A2A7BC98A00D481DE /* Dog_AppApp.swift */,
				AA030C7E2A7BC98A00D481DE /* Assets.xcassets */,
				AA030C802A7BC98A00D481DE /* Preview Content */,
				AA030C902A7BCB8600D481DE /* NetworkLayer */,
				AA030CA62A83F0CE00D481DE /* View */,
				AA030C9C2A7E86F000D481DE /* ButtonStyle.swift */,
			);
			path = Dog_App;
			sourceTree = "<group>";
		};
		AA030C802A7BC98A00D481DE /* Preview Content */ = {
			isa = PBXGroup;
			children = (
				AA030C812A7BC98A00D481DE /* Preview Assets.xcassets */,
			);
			path = "Preview Content";
			sourceTree = "<group>";
		};
		AA030C902A7BCB8600D481DE /* NetworkLayer */ = {
			isa = PBXGroup;
			children = (
				AA030C8A2A7BCA6200D481DE /* ApiService.swift */,
				AA030C8C2A7BCB7000D481DE /* APIMethod.swift */,
				AA030C8E2A7BCB7C00D481DE /* APIError.swift */,
			);
			path = NetworkLayer;
			sourceTree = "<group>";
		};
		AA030CA62A83F0CE00D481DE /* View */ = {
			isa = PBXGroup;
			children = (
				AA030C9A2A7E664E00D481DE /* LoadingView.swift */,
				AA030C7C2A7BC98A00D481DE /* ContentView.swift */,
				AA030CA22A83E55600D481DE /* FavoriteCell.swift */,
				AA030CA72A83F77700D481DE /* FavoritesView.swift */,
				AA030CAB2A8BAD8E00D481DE /* FavoriteDogView.swift */,
				AA030CAD2A8CE60000D481DE /* CatView.swift */,
			);
			path = View;
			sourceTree = "<group>";
		};
/* End PBXGroup section */

/* Begin PBXNativeTarget section */
		AA030C762A7BC98A00D481DE /* Dog_App */ = {
			isa = PBXNativeTarget;
			buildConfigurationList = AA030C852A7BC98A00D481DE /* Build configuration list for PBXNativeTarget "Dog_App" */;
			buildPhases = (
				AA030C732A7BC98A00D481DE /* Sources */,
				AA030C742A7BC98A00D481DE /* Frameworks */,
				AA030C752A7BC98A00D481DE /* Resources */,
			);
			buildRules = (
			);
			dependencies = (
			);
			name = Dog_App;
			packageProductDependencies = (
				AA030C982A7E606700D481DE /* Kingfisher */,
			);
			productName = Dog_App;
			productReference = AA030C772A7BC98A00D481DE /* Dog_App.app */;
			productType = "com.apple.product-type.application";
		};
/* End PBXNativeTarget section */

/* Begin PBXProject section */
		AA030C6F2A7BC98A00D481DE /* Project object */ = {
			isa = PBXProject;
			attributes = {
				BuildIndependentTargetsInParallel = 1;
				LastSwiftUpdateCheck = 1430;
				LastUpgradeCheck = 1430;
				TargetAttributes = {
					AA030C762A7BC98A00D481DE = {
						CreatedOnToolsVersion = 14.3.1;
					};
				};
			};
			buildConfigurationList = AA030C722A7BC98A00D481DE /* Build configuration list for PBXProject "Dog_App" */;
			compatibilityVersion = "Xcode 14.0";
			developmentRegion = en;
			hasScannedForEncodings = 0;
			knownRegions = (
				en,
				Base,
			);
			mainGroup = AA030C6E2A7BC98900D481DE;
			packageReferences = (
				AA030C972A7E606700D481DE /* XCRemoteSwiftPackageReference "Kingfisher" */,
			);
			productRefGroup = AA030C782A7BC98A00D481DE /* Products */;
			projectDirPath = "";
			projectRoot = "";
			targets = (
				AA030C762A7BC98A00D481DE /* Dog_App */,
			);
		};
/* End PBXProject section */

/* Begin PBXResourcesBuildPhase section */
		AA030C752A7BC98A00D481DE /* Resources */ = {
			isa = PBXResourcesBuildPhase;
			buildActionMask = 2147483647;
			files = (
				AA030C822A7BC98A00D481DE /* Preview Assets.xcassets in Resources */,
				AA030C7F2A7BC98A00D481DE /* Assets.xcassets in Resources */,
			);
			runOnlyForDeploymentPostprocessing = 0;
		};
/* End PBXResourcesBuildPhase section */

/* Begin PBXSourcesBuildPhase section */
		AA030C732A7BC98A00D481DE /* Sources */ = {
			isa = PBXSourcesBuildPhase;
			buildActionMask = 2147483647;
			files = (
				AA030CA32A83E55600D481DE /* FavoriteCell.swift in Sources */,
				AA030C9F2A83DBDA00D481DE /* DogViewModel.swift in Sources */,
				AA030CA82A83F77700D481DE /* FavoritesView.swift in Sources */,
				AA030C8D2A7BCB7000D481DE /* APIMethod.swift in Sources */,
				AA030C9B2A7E664E00D481DE /* LoadingView.swift in Sources */,
				AA030CAC2A8BAD8E00D481DE /* FavoriteDogView.swift in Sources */,
				AA030C9D2A7E86F000D481DE /* ButtonStyle.swift in Sources */,
				AA030C7D2A7BC98A00D481DE /* ContentView.swift in Sources */,
				AA030C8B2A7BCA6200D481DE /* ApiService.swift in Sources */,
				AA030CAE2A8CE60000D481DE /* CatView.swift in Sources */,
				AA030C7B2A7BC98A00D481DE /* Dog_AppApp.swift in Sources */,
				AA030CA52A83EF8300D481DE /* DogModel.swift in Sources */,
				AA030C8F2A7BCB7C00D481DE /* APIError.swift in Sources */,
				AA030C922A7BCC5900D481DE /* ImageModel.swift in Sources */,
			);
			runOnlyForDeploymentPostprocessing = 0;
		};
/* End PBXSourcesBuildPhase section */

/* Begin XCBuildConfiguration section */
		AA030C832A7BC98A00D481DE /* Debug */ = {
			isa = XCBuildConfiguration;
			buildSettings = {
				ALWAYS_SEARCH_USER_PATHS = NO;
				CLANG_ANALYZER_NONNULL = YES;
				CLANG_ANALYZER_NUMBER_OBJECT_CONVERSION = YES_AGGRESSIVE;
				CLANG_CXX_LANGUAGE_STANDARD = "gnu++20";
				CLANG_ENABLE_MODULES = YES;
				CLANG_ENABLE_OBJC_ARC = YES;
				CLANG_ENABLE_OBJC_WEAK = YES;
				CLANG_WARN_BLOCK_CAPTURE_AUTORELEASING = YES;
				CLANG_WARN_BOOL_CONVERSION = YES;
				CLANG_WARN_COMMA = YES;
				CLANG_WARN_CONSTANT_CONVERSION = YES;
				CLANG_WARN_DEPRECATED_OBJC_IMPLEMENTATIONS = YES;
				CLANG_WARN_DIRECT_OBJC_ISA_USAGE = YES_ERROR;
				CLANG_WARN_DOCUMENTATION_COMMENTS = YES;
				CLANG_WARN_EMPTY_BODY = YES;
				CLANG_WARN_ENUM_CONVERSION = YES;
				CLANG_WARN_INFINITE_RECURSION = YES;
				CLANG_WARN_INT_CONVERSION = YES;
				CLANG_WARN_NON_LITERAL_NULL_CONVERSION = YES;
				CLANG_WARN_OBJC_IMPLICIT_RETAIN_SELF = YES;
				CLANG_WARN_OBJC_LITERAL_CONVERSION = YES;
				CLANG_WARN_OBJC_ROOT_CLASS = YES_ERROR;
				CLANG_WARN_QUOTED_INCLUDE_IN_FRAMEWORK_HEADER = YES;
				CLANG_WARN_RANGE_LOOP_ANALYSIS = YES;
				CLANG_WARN_STRICT_PROTOTYPES = YES;
				CLANG_WARN_SUSPICIOUS_MOVE = YES;
				CLANG_WARN_UNGUARDED_AVAILABILITY = YES_AGGRESSIVE;
				CLANG_WARN_UNREACHABLE_CODE = YES;
				CLANG_WARN__DUPLICATE_METHOD_MATCH = YES;
				COPY_PHASE_STRIP = NO;
				DEBUG_INFORMATION_FORMAT = dwarf;
				ENABLE_STRICT_OBJC_MSGSEND = YES;
				ENABLE_TESTABILITY = YES;
				GCC_C_LANGUAGE_STANDARD = gnu11;
				GCC_DYNAMIC_NO_PIC = NO;
				GCC_NO_COMMON_BLOCKS = YES;
				GCC_OPTIMIZATION_LEVEL = 0;
				GCC_PREPROCESSOR_DEFINITIONS = (
					"DEBUG=1",
					"$(inherited)",
				);
				GCC_WARN_64_TO_32_BIT_CONVERSION = YES;
				GCC_WARN_ABOUT_RETURN_TYPE = YES_ERROR;
				GCC_WARN_UNDECLARED_SELECTOR = YES;
				GCC_WARN_UNINITIALIZED_AUTOS = YES_AGGRESSIVE;
				GCC_WARN_UNUSED_FUNCTION = YES;
				GCC_WARN_UNUSED_VARIABLE = YES;
				IPHONEOS_DEPLOYMENT_TARGET = 16.4;
				MTL_ENABLE_DEBUG_INFO = INCLUDE_SOURCE;
				MTL_FAST_MATH = YES;
				ONLY_ACTIVE_ARCH = YES;
				SDKROOT = iphoneos;
				SWIFT_ACTIVE_COMPILATION_CONDITIONS = DEBUG;
				SWIFT_OPTIMIZATION_LEVEL = "-Onone";
			};
			name = Debug;
		};
		AA030C842A7BC98A00D481DE /* Release */ = {
			isa = XCBuildConfiguration;
			buildSettings = {
				ALWAYS_SEARCH_USER_PATHS = NO;
				CLANG_ANALYZER_NONNULL = YES;
				CLANG_ANALYZER_NUMBER_OBJECT_CONVERSION = YES_AGGRESSIVE;
				CLANG_CXX_LANGUAGE_STANDARD = "gnu++20";
				CLANG_ENABLE_MODULES = YES;
				CLANG_ENABLE_OBJC_ARC = YES;
				CLANG_ENABLE_OBJC_WEAK = YES;
				CLANG_WARN_BLOCK_CAPTURE_AUTORELEASING = YES;
				CLANG_WARN_BOOL_CONVERSION = YES;
				CLANG_WARN_COMMA = YES;
				CLANG_WARN_CONSTANT_CONVERSION = YES;
				CLANG_WARN_DEPRECATED_OBJC_IMPLEMENTATIONS = YES;
				CLANG_WARN_DIRECT_OBJC_ISA_USAGE = YES_ERROR;
				CLANG_WARN_DOCUMENTATION_COMMENTS = YES;
				CLANG_WARN_EMPTY_BODY = YES;
				CLANG_WARN_ENUM_CONVERSION = YES;
				CLANG_WARN_INFINITE_RECURSION = YES;
				CLANG_WARN_INT_CONVERSION = YES;
				CLANG_WARN_NON_LITERAL_NULL_CONVERSION = YES;
				CLANG_WARN_OBJC_IMPLICIT_RETAIN_SELF = YES;
				CLANG_WARN_OBJC_LITERAL_CONVERSION = YES;
				CLANG_WARN_OBJC_ROOT_CLASS = YES_ERROR;
				CLANG_WARN_QUOTED_INCLUDE_IN_FRAMEWORK_HEADER = YES;
				CLANG_WARN_RANGE_LOOP_ANALYSIS = YES;
				CLANG_WARN_STRICT_PROTOTYPES = YES;
				CLANG_WARN_SUSPICIOUS_MOVE = YES;
				CLANG_WARN_UNGUARDED_AVAILABILITY = YES_AGGRESSIVE;
				CLANG_WARN_UNREACHABLE_CODE = YES;
				CLANG_WARN__DUPLICATE_METHOD_MATCH = YES;
				COPY_PHASE_STRIP = NO;
				DEBUG_INFORMATION_FORMAT = "dwarf-with-dsym";
				ENABLE_NS_ASSERTIONS = NO;
				ENABLE_STRICT_OBJC_MSGSEND = YES;
				GCC_C_LANGUAGE_STANDARD = gnu11;
				GCC_NO_COMMON_BLOCKS = YES;
				GCC_WARN_64_TO_32_BIT_CONVERSION = YES;
				GCC_WARN_ABOUT_RETURN_TYPE = YES_ERROR;
				GCC_WARN_UNDECLARED_SELECTOR = YES;
				GCC_WARN_UNINITIALIZED_AUTOS = YES_AGGRESSIVE;
				GCC_WARN_UNUSED_FUNCTION = YES;
				GCC_WARN_UNUSED_VARIABLE = YES;
				IPHONEOS_DEPLOYMENT_TARGET = 16.4;
				MTL_ENABLE_DEBUG_INFO = NO;
				MTL_FAST_MATH = YES;
				SDKROOT = iphoneos;
				SWIFT_COMPILATION_MODE = wholemodule;
				SWIFT_OPTIMIZATION_LEVEL = "-O";
				VALIDATE_PRODUCT = YES;
			};
			name = Release;
		};
		AA030C862A7BC98A00D481DE /* Debug */ = {
			isa = XCBuildConfiguration;
			buildSettings = {
				ASSETCATALOG_COMPILER_APPICON_NAME = AppIcon;
				ASSETCATALOG_COMPILER_GLOBAL_ACCENT_COLOR_NAME = AccentColor;
				CODE_SIGN_STYLE = Automatic;
				CURRENT_PROJECT_VERSION = 1;
				DEVELOPMENT_ASSET_PATHS = "\"Dog_App/Preview Content\"";
				DEVELOPMENT_TEAM = KM65N99A9D;
				ENABLE_PREVIEWS = YES;
				GENERATE_INFOPLIST_FILE = YES;
				INFOPLIST_KEY_UIApplicationSceneManifest_Generation = YES;
				INFOPLIST_KEY_UIApplicationSupportsIndirectInputEvents = YES;
				INFOPLIST_KEY_UILaunchScreen_Generation = YES;
				INFOPLIST_KEY_UISupportedInterfaceOrientations_iPad = "UIInterfaceOrientationPortrait UIInterfaceOrientationPortraitUpsideDown UIInterfaceOrientationLandscapeLeft UIInterfaceOrientationLandscapeRight";
				INFOPLIST_KEY_UISupportedInterfaceOrientations_iPhone = "UIInterfaceOrientationPortrait UIInterfaceOrientationLandscapeLeft UIInterfaceOrientationLandscapeRight";
				LD_RUNPATH_SEARCH_PATHS = (
					"$(inherited)",
					"@executable_path/Frameworks",
				);
				MARKETING_VERSION = 1.0;
				PRODUCT_BUNDLE_IDENTIFIER = "com.anton.Dog-App";
				PRODUCT_NAME = "$(TARGET_NAME)";
				SWIFT_EMIT_LOC_STRINGS = YES;
				SWIFT_VERSION = 5.0;
				TARGETED_DEVICE_FAMILY = "1,2";
			};
			name = Debug;
		};
		AA030C872A7BC98A00D481DE /* Release */ = {
			isa = XCBuildConfiguration;
			buildSettings = {
				ASSETCATALOG_COMPILER_APPICON_NAME = AppIcon;
				ASSETCATALOG_COMPILER_GLOBAL_ACCENT_COLOR_NAME = AccentColor;
				CODE_SIGN_STYLE = Automatic;
				CURRENT_PROJECT_VERSION = 1;
				DEVELOPMENT_ASSET_PATHS = "\"Dog_App/Preview Content\"";
				DEVELOPMENT_TEAM = KM65N99A9D;
				ENABLE_PREVIEWS = YES;
				GENERATE_INFOPLIST_FILE = YES;
				INFOPLIST_KEY_UIApplicationSceneManifest_Generation = YES;
				INFOPLIST_KEY_UIApplicationSupportsIndirectInputEvents = YES;
				INFOPLIST_KEY_UILaunchScreen_Generation = YES;
				INFOPLIST_KEY_UISupportedInterfaceOrientations_iPad = "UIInterfaceOrientationPortrait UIInterfaceOrientationPortraitUpsideDown UIInterfaceOrientationLandscapeLeft UIInterfaceOrientationLandscapeRight";
				INFOPLIST_KEY_UISupportedInterfaceOrientations_iPhone = "UIInterfaceOrientationPortrait UIInterfaceOrientationLandscapeLeft UIInterfaceOrientationLandscapeRight";
				LD_RUNPATH_SEARCH_PATHS = (
					"$(inherited)",
					"@executable_path/Frameworks",
				);
				MARKETING_VERSION = 1.0;
				PRODUCT_BUNDLE_IDENTIFIER = "com.anton.Dog-App";
				PRODUCT_NAME = "$(TARGET_NAME)";
				SWIFT_EMIT_LOC_STRINGS = YES;
				SWIFT_VERSION = 5.0;
				TARGETED_DEVICE_FAMILY = "1,2";
			};
			name = Release;
		};
/* End XCBuildConfiguration section */

/* Begin XCConfigurationList section */
		AA030C722A7BC98A00D481DE /* Build configuration list for PBXProject "Dog_App" */ = {
			isa = XCConfigurationList;
			buildConfigurations = (
				AA030C832A7BC98A00D481DE /* Debug */,
				AA030C842A7BC98A00D481DE /* Release */,
			);
			defaultConfigurationIsVisible = 0;
			defaultConfigurationName = Release;
		};
		AA030C852A7BC98A00D481DE /* Build configuration list for PBXNativeTarget "Dog_App" */ = {
			isa = XCConfigurationList;
			buildConfigurations = (
				AA030C862A7BC98A00D481DE /* Debug */,
				AA030C872A7BC98A00D481DE /* Release */,
			);
			defaultConfigurationIsVisible = 0;
			defaultConfigurationName = Release;
		};
/* End XCConfigurationList section */

/* Begin XCRemoteSwiftPackageReference section */
		AA030C972A7E606700D481DE /* XCRemoteSwiftPackageReference "Kingfisher" */ = {
			isa = XCRemoteSwiftPackageReference;
			repositoryURL = "https://github.com/onevcat/Kingfisher";
			requirement = {
				kind = upToNextMajorVersion;
				minimumVersion = 7.0.0;
			};
		};
/* End XCRemoteSwiftPackageReference section */

/* Begin XCSwiftPackageProductDependency section */
		AA030C982A7E606700D481DE /* Kingfisher */ = {
			isa = XCSwiftPackageProductDependency;
			package = AA030C972A7E606700D481DE /* XCRemoteSwiftPackageReference "Kingfisher" */;
			productName = Kingfisher;
		};
/* End XCSwiftPackageProductDependency section */
	};
	rootObject = AA030C6F2A7BC98A00D481DE /* Project object */;
}
